{
  "name": "javascript",
  "lockfileVersion": 2,
  "requires": true,
  "packages": {
    "": {
      "dependencies": {
        "koffi": "^2.7.4"
      }
    },
    "node_modules/koffi": {
      "version": "2.7.4",
      "resolved": "https://registry.npmjs.org/koffi/-/koffi-2.7.4.tgz",
      "integrity": "sha512-O9bB49aOZA2G09GD03z3IKCei79MC2ojKHlSXnbvzL/cNZSpUK8aPkJkpq1Ym0EAk8rEgPryWgFfjZ+VwBXH7Q==",
      "hasInstallScript": true
    }
  },
  "dependencies": {
    "koffi": {
      "version": "2.7.4",
      "resolved": "https://registry.npmjs.org/koffi/-/koffi-2.7.4.tgz",
      "integrity": "sha512-O9bB49aOZA2G09GD03z3IKCei79MC2ojKHlSXnbvzL/cNZSpUK8aPkJkpq1Ym0EAk8rEgPryWgFfjZ+VwBXH7Q=="
    }
  }
}